<?xml version="1.0" encoding="UTF-8"?>
<Scheme
   version = "1.3">
   <BuildAction>
      <BuildActionEntries>
         <BuildActionEntry
            buildForRunning = "YES">
            <BuildableReference
               BuildableIdentifier = "primary"
               BlueprintIdentifier = "D25893CAE9AE6DAE52ACB2B9"
               BuildableName = "CostOfLayersVsDrawing.app"
               BlueprintName = "CostOfLayersVsDrawing"
               ReferencedContainer = "container:CostOfLayersVsDrawing.xcodeproj">
            </BuildableReference>
         </BuildActionEntry>
      </BuildActionEntries>
   </BuildAction>
   <LaunchAction
      useCustomWorkingDirectory = "NO"
      buildConfiguration = "Debug">
      <BuildableProductRunnable>
         <BuildableReference
            BuildableIdentifier = "primary"
            BlueprintIdentifier = "D25893CAE9AE6DAE52ACB2B9"
            BuildableName = "CostOfLayersVsDrawing.app"
            BlueprintName = "CostOfLayersVsDrawing"
            ReferencedContainer = "container:CostOfLayersVsDrawing.xcodeproj">
         </BuildableReference>
      </BuildableProductRunnable>
   </LaunchAction>
</Scheme>
